
Microsoft Visual Studio Solution File, Format Version 12.00
# Visual Studio Version 17
VisualStudioVersion = 17.1.32421.90
MinimumVisualStudioVersion = 10.0.40219.1
Project("{FAE04EC0-301F-11D3-BF4B-00C04F79EFBC}") = "CapaConexion", "CapaConexion\CapaConexion.csproj", "{0DE8F290-191E-4CB1-B3BF-E409B8F755FE}"
EndProject
Project("{FAE04EC0-301F-11D3-BF4B-00C04F79EFBC}") = "CapaService", "CapaService\CapaService.csproj", "{FC5703C3-1D99-48A2-87F1-FEB6A75BEEB2}"
EndProject
Project("{FAE04EC0-301F-11D3-BF4B-00C04F79EFBC}") = "CapaClases", "CapaClases\CapaClases.csproj", "{8D2FBF40-4765-4015-858D-D4331EE4AFD1}"
EndProject
Project("{FAE04EC0-301F-11D3-BF4B-00C04F79EFBC}") = "CapaNegocio", "CapaNegocio\CapaNegocio.csproj", "{1A0462E1-F9F9-490B-A609-8A91EE028C7D}"
EndProject
Global
	GlobalSection(SolutionConfigurationPlatforms) = preSolution
		Debug|Any CPU = Debug|Any CPU
		Release|Any CPU = Release|Any CPU
	EndGlobalSection
	GlobalSection(ProjectConfigurationPlatforms) = postSolution
		{0DE8F290-191E-4CB1-B3BF-E409B8F755FE}.Debug|Any CPU.ActiveCfg = Debug|Any CPU
		{0DE8F290-191E-4CB1-B3BF-E409B8F755FE}.Debug|Any CPU.Build.0 = Debug|Any CPU
		{0DE8F290-191E-4CB1-B3BF-E409B8F755FE}.Release|Any CPU.ActiveCfg = Release|Any CPU
		{0DE8F290-191E-4CB1-B3BF-E409B8F755FE}.Release|Any CPU.Build.0 = Release|Any CPU
		{FC5703C3-1D99-48A2-87F1-FEB6A75BEEB2}.Debug|Any CPU.ActiveCfg = Debug|Any CPU
		{FC5703C3-1D99-48A2-87F1-FEB6A75BEEB2}.Debug|Any CPU.Build.0 = Debug|Any CPU
		{FC5703C3-1D99-48A2-87F1-FEB6A75BEEB2}.Release|Any CPU.ActiveCfg = Release|Any CPU
		{FC5703C3-1D99-48A2-87F1-FEB6A75BEEB2}.Release|Any CPU.Build.0 = Release|Any CPU
		{8D2FBF40-4765-4015-858D-D4331EE4AFD1}.Debug|Any CPU.ActiveCfg = Debug|Any CPU
		{8D2FBF40-4765-4015-858D-D4331EE4AFD1}.Debug|Any CPU.Build.0 = Debug|Any CPU
		{8D2FBF40-4765-4015-858D-D4331EE4AFD1}.Release|Any CPU.ActiveCfg = Release|Any CPU
		{8D2FBF40-4765-4015-858D-D4331EE4AFD1}.Release|Any CPU.Build.0 = Release|Any CPU
		{1A0462E1-F9F9-490B-A609-8A91EE028C7D}.Debug|Any CPU.ActiveCfg = Debug|Any CPU
		{1A0462E1-F9F9-490B-A609-8A91EE028C7D}.Debug|Any CPU.Build.0 = Debug|Any CPU
		{1A0462E1-F9F9-490B-A609-8A91EE028C7D}.Release|Any CPU.ActiveCfg = Release|Any CPU
		{1A0462E1-F9F9-490B-A609-8A91EE028C7D}.Release|Any CPU.Build.0 = Release|Any CPU
	EndGlobalSection
	GlobalSection(SolutionProperties) = preSolution
		HideSolutionNode = FALSE
	EndGlobalSection
	GlobalSection(ExtensibilityGlobals) = postSolution
		SolutionGuid = {0036EFCF-52B6-44CF-997D-CCD35CA38267}
	EndGlobalSection
EndGlobal
